// !$*UTF8*$!
{
	archiveVersion = 1;
	classes = {
	};
	objectVersion = 50;
	objects = {

/* Begin PBXBuildFile section */
		FC1364C626262BE800F51710 /* AppDelegate.m in Sources */ = {isa = PBXBuildFile; fileRef = FC1364C526262BE800F51710 /* AppDelegate.m */; };
		FC1364C926262BE800F51710 /* SceneDelegate.m in Sources */ = {isa = PBXBuildFile; fileRef = FC1364C826262BE800F51710 /* SceneDelegate.m */; };
		FC1364CC26262BE800F51710 /* ViewController.m in Sources */ = {isa = PBXBuildFile; fileRef = FC1364CB26262BE800F51710 /* ViewController.m */; };
		FC1364CF26262BE800F51710 /* Main.storyboard in Resources */ = {isa = PBXBuildFile; fileRef = FC1364CD26262BE800F51710 /* Main.storyboard */; };
		FC1364D126262BE900F51710 /* Assets.xcassets in Resources */ = {isa = PBXBuildFile; fileRef = FC1364D026262BE900F51710 /* Assets.xcassets */; };
		FC1364D426262BE900F51710 /* LaunchScreen.storyboard in Resources */ = {isa = PBXBuildFile; fileRef = FC1364D226262BE900F51710 /* LaunchScreen.storyboard */; };
		FC1364D726262BE900F51710 /* main.m in Sources */ = {isa = PBXBuildFile; fileRef = FC1364D626262BE900F51710 /* main.m */; };
		FC1364E026262C0000F51710 /* Extend.swift in Sources */ = {isa = PBXBuildFile; fileRef = FC1364DF26262C0000F51710 /* Extend.swift */; };
/* End PBXBuildFile section */

/* Begin PBXFileReference section */
		FC1364C126262BE800F51710 /* ObjCSwift.app */ = {isa = PBXFileReference; explicitFileType = wrapper.application; includeInIndex = 0; path = ObjCSwift.app; sourceTree = BUILT_PRODUCTS_DIR; };
		FC1364C426262BE800F51710 /* AppDelegate.h */ = {isa = PBXFileReference; lastKnownFileType = sourcecode.c.h; path = AppDelegate.h; sourceTree = "<group>"; };
		FC1364C526262BE800F51710 /* AppDelegate.m */ = {isa = PBXFileReference; lastKnownFileType = sourcecode.c.objc; path = AppDelegate.m; sourceTree = "<group>"; };
		FC1364C726262BE800F51710 /* SceneDelegate.h */ = {isa = PBXFileReference; lastKnownFileType = sourcecode.c.h; path = SceneDelegate.h; sourceTree = "<group>"; };
		FC1364C826262BE800F51710 /* SceneDelegate.m */ = {isa = PBXFileReference; lastKnownFileType = sourcecode.c.objc; path = SceneDelegate.m; sourceTree = "<group>"; };
		FC1364CA26262BE800F51710 /* ViewController.h */ = {isa = PBXFileReference; lastKnownFileType = sourcecode.c.h; path = ViewController.h; sourceTree = "<group>"; };
		FC1364CB26262BE800F51710 /* ViewController.m */ = {isa = PBXFileReference; lastKnownFileType = sourcecode.c.objc; path = ViewController.m; sourceTree = "<group>"; };
		FC1364CE26262BE800F51710 /* Base */ = {isa = PBXFileReference; lastKnownFileType = file.storyboard; name = Base; path = Base.lproj/Main.storyboard; sourceTree = "<group>"; };
		FC1364D026262BE900F51710 /* Assets.xcassets */ = {isa = PBXFileReference; lastKnownFileType = folder.assetcatalog; path = Assets.xcassets; sourceTree = "<group>"; };
		FC1364D326262BE900F51710 /* Base */ = {isa = PBXFileReference; lastKnownFileType = file.storyboard; name = Base; path = Base.lproj/LaunchScreen.storyboard; sourceTree = "<group>"; };
		FC1364D526262BE900F51710 /* Info.plist */ = {isa = PBXFileReference; lastKnownFileType = text.plist.xml; path = Info.plist; sourceTree = "<group>"; };
		FC1364D626262BE900F51710 /* main.m */ = {isa = PBXFileReference; lastKnownFileType = sourcecode.c.objc; path = main.m; sourceTree = "<group>"; };
		FC1364DE26262C0000F51710 /* ObjCSwift-Bridging-Header.h */ = {isa = PBXFileReference; lastKnownFileType = sourcecode.c.h; path = "ObjCSwift-Bridging-Header.h"; sourceTree = "<group>"; };
		FC1364DF26262C0000F51710 /* Extend.swift */ = {isa = PBXFileReference; lastKnownFileType = sourcecode.swift; path = Extend.swift; sourceTree = "<group>"; };
/* End PBXFileReference section */

/* Begin PBXFrameworksBuildPhase section */
		FC1364BE26262BE800F51710 /* Frameworks */ = {
			isa = PBXFrameworksBuildPhase;
			buildActionMask = 2147483647;
			files = (
			);
			runOnlyForDeploymentPostprocessing = 0;
		};
/* End PBXFrameworksBuildPhase section */

/* Begin PBXGroup section */
		FC1364B826262BE800F51710 = {
			isa = PBXGroup;
			children = (
				FC1364C326262BE800F51710 /* ObjCSwift */,
				FC1364C226262BE800F51710 /* Products */,
			);
			sourceTree = "<group>";
		};
		FC1364C226262BE800F51710 /* Products */ = {
			isa = PBXGroup;
			children = (
				FC1364C126262BE800F51710 /* ObjCSwift.app */,
			);
			name = Products;
			sourceTree = "<group>";
		};
		FC1364C326262BE800F51710 /* ObjCSwift */ = {
			isa = PBXGroup;
			children = (
				FC1364C426262BE800F51710 /* AppDelegate.h */,
				FC1364C526262BE800F51710 /* AppDelegate.m */,
				FC1364C726262BE800F51710 /* SceneDelegate.h */,
				FC1364C826262BE800F51710 /* SceneDelegate.m */,
				FC1364CA26262BE800F51710 /* ViewController.h */,
				FC1364CB26262BE800F51710 /* ViewController.m */,
				FC1364CD26262BE800F51710 /* Main.storyboard */,
				FC1364DF26262C0000F51710 /* Extend.swift */,
				FC1364D026262BE900F51710 /* Assets.xcassets */,
				FC1364D226262BE900F51710 /* LaunchScreen.storyboard */,
				FC1364D526262BE900F51710 /* Info.plist */,
				FC1364D626262BE900F51710 /* main.m */,
				FC1364DE26262C0000F51710 /* ObjCSwift-Bridging-Header.h */,
			);
			path = ObjCSwift;
			sourceTree = "<group>";
		};
/* End PBXGroup section */

/* Begin PBXNativeTarget section */
		FC1364C026262BE800F51710 /* ObjCSwift */ = {
			isa = PBXNativeTarget;
			buildConfigurationList = FC1364DA26262BE900F51710 /* Build configuration list for PBXNativeTarget "ObjCSwift" */;
			buildPhases = (
				FC1364BD26262BE800F51710 /* Sources */,
				FC1364BE26262BE800F51710 /* Frameworks */,
				FC1364BF26262BE800F51710 /* Resources */,
			);
			buildRules = (
			);
			dependencies = (
			);
			name = ObjCSwift;
			productName = ObjCSwift;
			productReference = FC1364C126262BE800F51710 /* ObjCSwift.app */;
			productType = "com.apple.product-type.application";
		};
/* End PBXNativeTarget section */

/* Begin PBXProject section */
		FC1364B926262BE800F51710 /* Project object */ = {
			isa = PBXProject;
			attributes = {
				LastUpgradeCheck = 1240;
				TargetAttributes = {
					FC1364C026262BE800F51710 = {
						CreatedOnToolsVersion = 12.4;
						LastSwiftMigration = 1240;
					};
				};
			};
			buildConfigurationList = FC1364BC26262BE800F51710 /* Build configuration list for PBXProject "ObjCSwift" */;
			compatibilityVersion = "Xcode 9.3";
			developmentRegion = en;
			hasScannedForEncodings = 0;
			knownRegions = (
				en,
				Base,
			);
			mainGroup = FC1364B826262BE800F51710;
			productRefGroup = FC1364C226262BE800F51710 /* Products */;
			projectDirPath = "";
			projectRoot = "";
			targets = (
				FC1364C026262BE800F51710 /* ObjCSwift */,
			);
		};
/* End PBXProject section */

/* Begin PBXResourcesBuildPhase section */
		FC1364BF26262BE800F51710 /* Resources */ = {
			isa = PBXResourcesBuildPhase;
			buildActionMask = 2147483647;
			files = (
				FC1364D426262BE900F51710 /* LaunchScreen.storyboard in Resources */,
				FC1364D126262BE900F51710 /* Assets.xcassets in Resources */,
				FC1364CF26262BE800F51710 /* Main.storyboard in Resources */,
			);
			runOnlyForDeploymentPostprocessing = 0;
		};
/* End PBXResourcesBuildPhase section */

/* Begin PBXSourcesBuildPhase section */
		FC1364BD26262BE800F51710 /* Sources */ = {
			isa = PBXSourcesBuildPhase;
			buildActionMask = 2147483647;
			files = (
				FC1364CC26262BE800F51710 /* ViewController.m in Sources */,
				FC1364E026262C0000F51710 /* Extend.swift in Sources */,
				FC1364C626262BE800F51710 /* AppDelegate.m in Sources */,
				FC1364D726262BE900F51710 /* main.m in Sources */,
				FC1364C926262BE800F51710 /* SceneDelegate.m in Sources */,
			);
			runOnlyForDeploymentPostprocessing = 0;
		};
/* End PBXSourcesBuildPhase section */

/* Begin PBXVariantGroup section */
		FC1364CD26262BE800F51710 /* Main.storyboard */ = {
			isa = PBXVariantGroup;
			children = (
				FC1364CE26262BE800F51710 /* Base */,
			);
			name = Main.storyboard;
			sourceTree = "<group>";
		};
		FC1364D226262BE900F51710 /* LaunchScreen.storyboard */ = {
			isa = PBXVariantGroup;
			children = (
				FC1364D326262BE900F51710 /* Base */,
			);
			name = LaunchScreen.storyboard;
			sourceTree = "<group>";
		};
/* End PBXVariantGroup section */

/* Begin XCBuildConfiguration section */
		FC1364D826262BE900F51710 /* Debug */ = {
			isa = XCBuildConfiguration;
			buildSettings = {
				ALWAYS_SEARCH_USER_PATHS = NO;
				CLANG_ANALYZER_NONNULL = YES;
				CLANG_ANALYZER_NUMBER_OBJECT_CONVERSION = YES_AGGRESSIVE;
				CLANG_CXX_LANGUAGE_STANDARD = "gnu++14";
				CLANG_CXX_LIBRARY = "libc++";
				CLANG_ENABLE_MODULES = YES;
				CLANG_ENABLE_OBJC_ARC = YES;
				CLANG_ENABLE_OBJC_WEAK = YES;
				CLANG_WARN_BLOCK_CAPTURE_AUTORELEASING = YES;
				CLANG_WARN_BOOL_CONVERSION = YES;
				CLANG_WARN_COMMA = YES;
				CLANG_WARN_CONSTANT_CONVERSION = YES;
				CLANG_WARN_DEPRECATED_OBJC_IMPLEMENTATIONS = YES;
				CLANG_WARN_DIRECT_OBJC_ISA_USAGE = YES_ERROR;
				CLANG_WARN_DOCUMENTATION_COMMENTS = YES;
				CLANG_WARN_EMPTY_BODY = YES;
				CLANG_WARN_ENUM_CONVERSION = YES;
				CLANG_WARN_INFINITE_RECURSION = YES;
				CLANG_WARN_INT_CONVERSION = YES;
				CLANG_WARN_NON_LITERAL_NULL_CONVERSION = YES;
				CLANG_WARN_OBJC_IMPLICIT_RETAIN_SELF = YES;
				CLANG_WARN_OBJC_LITERAL_CONVERSION = YES;
				CLANG_WARN_OBJC_ROOT_CLASS = YES_ERROR;
				CLANG_WARN_QUOTED_INCLUDE_IN_FRAMEWORK_HEADER = YES;
				CLANG_WARN_RANGE_LOOP_ANALYSIS = YES;
				CLANG_WARN_STRICT_PROTOTYPES = YES;
				CLANG_WARN_SUSPICIOUS_MOVE = YES;
				CLANG_WARN_UNGUARDED_AVAILABILITY = YES_AGGRESSIVE;
				CLANG_WARN_UNREACHABLE_CODE = YES;
				CLANG_WARN__DUPLICATE_METHOD_MATCH = YES;
				COPY_PHASE_STRIP = NO;
				DEBUG_INFORMATION_FORMAT = dwarf;
				ENABLE_STRICT_OBJC_MSGSEND = YES;
				ENABLE_TESTABILITY = YES;
				GCC_C_LANGUAGE_STANDARD = gnu11;
				GCC_DYNAMIC_NO_PIC = NO;
				GCC_NO_COMMON_BLOCKS = YES;
				GCC_OPTIMIZATION_LEVEL = 0;
				GCC_PREPROCESSOR_DEFINITIONS = (
					"DEBUG=1",
					"$(inherited)",
				);
				GCC_WARN_64_TO_32_BIT_CONVERSION = YES;
				GCC_WARN_ABOUT_RETURN_TYPE = YES_ERROR;
				GCC_WARN_UNDECLARED_SELECTOR = YES;
				GCC_WARN_UNINITIALIZED_AUTOS = YES_AGGRESSIVE;
				GCC_WARN_UNUSED_FUNCTION = YES;
				GCC_WARN_UNUSED_VARIABLE = YES;
				IPHONEOS_DEPLOYMENT_TARGET = 13.0;
				MTL_ENABLE_DEBUG_INFO = INCLUDE_SOURCE;
				MTL_FAST_MATH = YES;
				ONLY_ACTIVE_ARCH = YES;
				SDKROOT = iphoneos;
			};
			name = Debug;
		};
		FC1364D926262BE900F51710 /* Release */ = {
			isa = XCBuildConfiguration;
			buildSettings = {
				ALWAYS_SEARCH_USER_PATHS = NO;
				CLANG_ANALYZER_NONNULL = YES;
				CLANG_ANALYZER_NUMBER_OBJECT_CONVERSION = YES_AGGRESSIVE;
				CLANG_CXX_LANGUAGE_STANDARD = "gnu++14";
				CLANG_CXX_LIBRARY = "libc++";
				CLANG_ENABLE_MODULES = YES;
				CLANG_ENABLE_OBJC_ARC = YES;
				CLANG_ENABLE_OBJC_WEAK = YES;
				CLANG_WARN_BLOCK_CAPTURE_AUTORELEASING = YES;
				CLANG_WARN_BOOL_CONVERSION = YES;
				CLANG_WARN_COMMA = YES;
				CLANG_WARN_CONSTANT_CONVERSION = YES;
				CLANG_WARN_DEPRECATED_OBJC_IMPLEMENTATIONS = YES;
				CLANG_WARN_DIRECT_OBJC_ISA_USAGE = YES_ERROR;
				CLANG_WARN_DOCUMENTATION_COMMENTS = YES;
				CLANG_WARN_EMPTY_BODY = YES;
				CLANG_WARN_ENUM_CONVERSION = YES;
				CLANG_WARN_INFINITE_RECURSION = YES;
				CLANG_WARN_INT_CONVERSION = YES;
				CLANG_WARN_NON_LITERAL_NULL_CONVERSION = YES;
				CLANG_WARN_OBJC_IMPLICIT_RETAIN_SELF = YES;
				CLANG_WARN_OBJC_LITERAL_CONVERSION = YES;
				CLANG_WARN_OBJC_ROOT_CLASS = YES_ERROR;
				CLANG_WARN_QUOTED_INCLUDE_IN_FRAMEWORK_HEADER = YES;
				CLANG_WARN_RANGE_LOOP_ANALYSIS = YES;
				CLANG_WARN_STRICT_PROTOTYPES = YES;
				CLANG_WARN_SUSPICIOUS_MOVE = YES;
				CLANG_WARN_UNGUARDED_AVAILABILITY = YES_AGGRESSIVE;
				CLANG_WARN_UNREACHABLE_CODE = YES;
				CLANG_WARN__DUPLICATE_METHOD_MATCH = YES;
				COPY_PHASE_STRIP = NO;
				DEBUG_INFORMATION_FORMAT = "dwarf-with-dsym";
				ENABLE_NS_ASSERTIONS = NO;
				ENABLE_STRICT_OBJC_MSGSEND = YES;
				GCC_C_LANGUAGE_STANDARD = gnu11;
				GCC_NO_COMMON_BLOCKS = YES;
				GCC_WARN_64_TO_32_BIT_CONVERSION = YES;
				GCC_WARN_ABOUT_RETURN_TYPE = YES_ERROR;
				GCC_WARN_UNDECLARED_SELECTOR = YES;
				GCC_WARN_UNINITIALIZED_AUTOS = YES_AGGRESSIVE;
				GCC_WARN_UNUSED_FUNCTION = YES;
				GCC_WARN_UNUSED_VARIABLE = YES;
				IPHONEOS_DEPLOYMENT_TARGET = 13.0;
				MTL_ENABLE_DEBUG_INFO = NO;
				MTL_FAST_MATH = YES;
				SDKROOT = iphoneos;
				VALIDATE_PRODUCT = YES;
			};
			name = Release;
		};
		FC1364DB26262BE900F51710 /* Debug */ = {
			isa = XCBuildConfiguration;
			buildSettings = {
				ASSETCATALOG_COMPILER_APPICON_NAME = AppIcon;
				ASSETCATALOG_COMPILER_GLOBAL_ACCENT_COLOR_NAME = AccentColor;
				CLANG_ENABLE_MODULES = YES;
				CODE_SIGN_STYLE = Automatic;
				INFOPLIST_FILE = ObjCSwift/Info.plist;
				LD_RUNPATH_SEARCH_PATHS = (
					"$(inherited)",
					"@executable_path/Frameworks",
				);
				PRODUCT_BUNDLE_IDENTIFIER = com.DonMag.ObjCSwift;
				PRODUCT_NAME = "$(TARGET_NAME)";
				SWIFT_OBJC_BRIDGING_HEADER = "ObjCSwift/ObjCSwift-Bridging-Header.h";
				SWIFT_OPTIMIZATION_LEVEL = "-Onone";
				SWIFT_VERSION = 5.0;
				TARGETED_DEVICE_FAMILY = "1,2";
			};
			name = Debug;
		};
		FC1364DC26262BE900F51710 /* Release */ = {
			isa = XCBuildConfiguration;
			buildSettings = {
				ASSETCATALOG_COMPILER_APPICON_NAME = AppIcon;
				ASSETCATALOG_COMPILER_GLOBAL_ACCENT_COLOR_NAME = AccentColor;
				CLANG_ENABLE_MODULES = YES;
				CODE_SIGN_STYLE = Automatic;
				INFOPLIST_FILE = ObjCSwift/Info.plist;
				LD_RUNPATH_SEARCH_PATHS = (
					"$(inherited)",
					"@executable_path/Frameworks",
				);
				PRODUCT_BUNDLE_IDENTIFIER = com.DonMag.ObjCSwift;
				PRODUCT_NAME = "$(TARGET_NAME)";
				SWIFT_OBJC_BRIDGING_HEADER = "ObjCSwift/ObjCSwift-Bridging-Header.h";
				SWIFT_VERSION = 5.0;
				TARGETED_DEVICE_FAMILY = "1,2";
			};
			name = Release;
		};
/* End XCBuildConfiguration section */

/* Begin XCConfigurationList section */
		FC1364BC26262BE800F51710 /* Build configuration list for PBXProject "ObjCSwift" */ = {
			isa = XCConfigurationList;
			buildConfigurations = (
				FC1364D826262BE900F51710 /* Debug */,
				FC1364D926262BE900F51710 /* Release */,
			);
			defaultConfigurationIsVisible = 0;
			defaultConfigurationName = Release;
		};
		FC1364DA26262BE900F51710 /* Build configuration list for PBXNativeTarget "ObjCSwift" */ = {
			isa = XCConfigurationList;
			buildConfigurations = (
				FC1364DB26262BE900F51710 /* Debug */,
				FC1364DC26262BE900F51710 /* Release */,
			);
			defaultConfigurationIsVisible = 0;
			defaultConfigurationName = Release;
		};
/* End XCConfigurationList section */
	};
	rootObject = FC1364B926262BE800F51710 /* Project object */;
}
